
Microsoft Visual Studio Solution File, Format Version 12.00
# Visual Studio 14
VisualStudioVersion = 14.0.25420.1
MinimumVisualStudioVersion = 10.0.40219.1
Project("{FAE04EC0-301F-11D3-BF4B-00C04F79EFBC}") = "TeduShop.Common", "TeduShop.Common\TeduShop.Common.csproj", "{AE6FB43F-4E88-4DDE-B280-9372BEE2C80B}"
EndProject
Project("{FAE04EC0-301F-11D3-BF4B-00C04F79EFBC}") = "TeduShop.Model", "TeduShop.Model\TeduShop.Model.csproj", "{321759E9-BE6F-43C7-9043-BB33EFC31FB4}"
EndProject
Project("{FAE04EC0-301F-11D3-BF4B-00C04F79EFBC}") = "TeduShop.Data", "TeduShop.Data\TeduShop.Data.csproj", "{70F933CA-9231-4E02-BFB2-E9FEDC229326}"
EndProject
Project("{FAE04EC0-301F-11D3-BF4B-00C04F79EFBC}") = "TeduShop.Service", "TeduShop.Service\TeduShop.Service.csproj", "{58E2CEED-894D-4B02-8276-FA2DD25852A4}"
EndProject
Project("{FAE04EC0-301F-11D3-BF4B-00C04F79EFBC}") = "TeduShop.UnitTest", "TeduShop.UnitTest\TeduShop.UnitTest.csproj", "{7951BD2C-F057-4684-8F26-9DCB2A72F3B1}"
EndProject
Project("{FAE04EC0-301F-11D3-BF4B-00C04F79EFBC}") = "TeduShop.Web", "TeduShop.Web\TeduShop.Web.csproj", "{8FB9763C-1391-4F3A-82F6-01ABA80048D7}"
EndProject
Global
	GlobalSection(SolutionConfigurationPlatforms) = preSolution
		Debug|Any CPU = Debug|Any CPU
		Release|Any CPU = Release|Any CPU
	EndGlobalSection
	GlobalSection(ProjectConfigurationPlatforms) = postSolution
		{AE6FB43F-4E88-4DDE-B280-9372BEE2C80B}.Debug|Any CPU.ActiveCfg = Debug|Any CPU
		{AE6FB43F-4E88-4DDE-B280-9372BEE2C80B}.Debug|Any CPU.Build.0 = Debug|Any CPU
		{AE6FB43F-4E88-4DDE-B280-9372BEE2C80B}.Release|Any CPU.ActiveCfg = Release|Any CPU
		{AE6FB43F-4E88-4DDE-B280-9372BEE2C80B}.Release|Any CPU.Build.0 = Release|Any CPU
		{321759E9-BE6F-43C7-9043-BB33EFC31FB4}.Debug|Any CPU.ActiveCfg = Debug|Any CPU
		{321759E9-BE6F-43C7-9043-BB33EFC31FB4}.Debug|Any CPU.Build.0 = Debug|Any CPU
		{321759E9-BE6F-43C7-9043-BB33EFC31FB4}.Release|Any CPU.ActiveCfg = Release|Any CPU
		{321759E9-BE6F-43C7-9043-BB33EFC31FB4}.Release|Any CPU.Build.0 = Release|Any CPU
		{70F933CA-9231-4E02-BFB2-E9FEDC229326}.Debug|Any CPU.ActiveCfg = Debug|Any CPU
		{70F933CA-9231-4E02-BFB2-E9FEDC229326}.Debug|Any CPU.Build.0 = Debug|Any CPU
		{70F933CA-9231-4E02-BFB2-E9FEDC229326}.Release|Any CPU.ActiveCfg = Release|Any CPU
		{70F933CA-9231-4E02-BFB2-E9FEDC229326}.Release|Any CPU.Build.0 = Release|Any CPU
		{58E2CEED-894D-4B02-8276-FA2DD25852A4}.Debug|Any CPU.ActiveCfg = Debug|Any CPU
		{58E2CEED-894D-4B02-8276-FA2DD25852A4}.Debug|Any CPU.Build.0 = Debug|Any CPU
		{58E2CEED-894D-4B02-8276-FA2DD25852A4}.Release|Any CPU.ActiveCfg = Release|Any CPU
		{58E2CEED-894D-4B02-8276-FA2DD25852A4}.Release|Any CPU.Build.0 = Release|Any CPU
		{7951BD2C-F057-4684-8F26-9DCB2A72F3B1}.Debug|Any CPU.ActiveCfg = Debug|Any CPU
		{7951BD2C-F057-4684-8F26-9DCB2A72F3B1}.Debug|Any CPU.Build.0 = Debug|Any CPU
		{7951BD2C-F057-4684-8F26-9DCB2A72F3B1}.Release|Any CPU.ActiveCfg = Release|Any CPU
		{7951BD2C-F057-4684-8F26-9DCB2A72F3B1}.Release|Any CPU.Build.0 = Release|Any CPU
		{8FB9763C-1391-4F3A-82F6-01ABA80048D7}.Debug|Any CPU.ActiveCfg = Debug|Any CPU
		{8FB9763C-1391-4F3A-82F6-01ABA80048D7}.Debug|Any CPU.Build.0 = Debug|Any CPU
		{8FB9763C-1391-4F3A-82F6-01ABA80048D7}.Release|Any CPU.ActiveCfg = Release|Any CPU
		{8FB9763C-1391-4F3A-82F6-01ABA80048D7}.Release|Any CPU.Build.0 = Release|Any CPU
	EndGlobalSection
	GlobalSection(SolutionProperties) = preSolution
		HideSolutionNode = FALSE
	EndGlobalSection
EndGlobal
